
Microsoft Visual Studio Solution File, Format Version 12.00
# Visual Studio Version 17
VisualStudioVersion = 17.14.36310.24 d17.14
MinimumVisualStudioVersion = 10.0.40219.1
Project("{FAE04EC0-301F-11D3-BF4B-00C04F79EFBC}") = "CountdownTimer", "CountdownTimer.csproj", "{61CF8B6F-876B-4845-975D-7E3DF830D5CB}"
EndProject
Global
	GlobalSection(SolutionConfigurationPlatforms) = preSolution
		Debug|Any CPU = Debug|Any CPU
		Release|Any CPU = Release|Any CPU
	EndGlobalSection
	GlobalSection(ProjectConfigurationPlatforms) = postSolution
		{61CF8B6F-876B-4845-975D-7E3DF830D5CB}.Debug|Any CPU.ActiveCfg = Debug|Any CPU
		{61CF8B6F-876B-4845-975D-7E3DF830D5CB}.Debug|Any CPU.Build.0 = Debug|Any CPU
		{61CF8B6F-876B-4845-975D-7E3DF830D5CB}.Release|Any CPU.ActiveCfg = Release|Any CPU
		{61CF8B6F-876B-4845-975D-7E3DF830D5CB}.Release|Any CPU.Build.0 = Release|Any CPU
	EndGlobalSection
	GlobalSection(SolutionProperties) = preSolution
		HideSolutionNode = FALSE
	EndGlobalSection
	GlobalSection(ExtensibilityGlobals) = postSolution
		SolutionGuid = {DE6D8A73-955C-4A36-9D58-9A97628D6414}
	EndGlobalSection
EndGlobal
